// !$*UTF8*$!
{
	archiveVersion = 1;
	classes = {
	};
	objectVersion = 77;
	objects = {

/* Begin PBXBuildFile section */
		08C529F02FAD4E0400807FE3 /* Pulse in Frameworks */ = {isa = PBXBuildFile; productRef = 08C529EF2FAD4E0400807FE3 /* Pulse */; };
		08C529F22FAD4E0400807FE3 /* PulseProxy in Frameworks */ = {isa = PBXBuildFile; productRef = 08C529F12FAD4E0400807FE3 /* PulseProxy */; };
		08C529F42FAD4E0400807FE3 /* PulseUI in Frameworks */ = {isa = PBXBuildFile; productRef = 08C529F32FAD4E0400807FE3 /* PulseUI */; };
		08C52F652FAD6FEB00807FE3 /* Peerly in Frameworks */ = {isa = PBXBuildFile; productRef = 08C52F642FAD6FEB00807FE3 /* Peerly */; };
		AABB000000000000000000A1 /* ModelKit in Frameworks */ = {isa = PBXBuildFile; productRef = AABB000000000000000000B1 /* ModelKit */; };
		AABB000000000000000000A2 /* ModelKitMLX in Frameworks */ = {isa = PBXBuildFile; productRef = AABB000000000000000000B2 /* ModelKitMLX */; };
		AABB000000000000000000A3 /* ModelKitWhisper in Frameworks */ = {isa = PBXBuildFile; productRef = AABB000000000000000000B3 /* ModelKitWhisper */; };
/* End PBXBuildFile section */

/* Begin PBXFileReference section */
		085EE24E2FAD2FE40044870B /* DriftV2.app */ = {isa = PBXFileReference; explicitFileType = wrapper.application; includeInIndex = 0; path = DriftV2.app; sourceTree = BUILT_PRODUCTS_DIR; };
/* End PBXFileReference section */

/* Begin PBXFileSystemSynchronizedBuildFileExceptionSet section */
		AABB000000000000000000E1 /* Exceptions for "DriftV2" folder in "DriftV2" target */ = {
			isa = PBXFileSystemSynchronizedBuildFileExceptionSet;
			membershipExceptions = (
				Info.plist,
			);
			target = 085EE24D2FAD2FE40044870B /* DriftV2 */;
		};
/* End PBXFileSystemSynchronizedBuildFileExceptionSet section */

/* Begin PBXFileSystemSynchronizedRootGroup section */
		085EE2502FAD2FE40044870B /* DriftV2 */ = {
			isa = PBXFileSystemSynchronizedRootGroup;
			exceptions = (
				AABB000000000000000000E1 /* Exceptions for "DriftV2" folder in "DriftV2" target */,
			);
			path = DriftV2;
			sourceTree = "<group>";
		};
/* End PBXFileSystemSynchronizedRootGroup section */

/* Begin PBXFrameworksBuildPhase section */
		085EE24B2FAD2FE40044870B /* Frameworks */ = {
			isa = PBXFrameworksBuildPhase;
			buildActionMask = 2147483647;
			files = (
				08C529F42FAD4E0400807FE3 /* PulseUI in Frameworks */,
				AABB000000000000000000A1 /* ModelKit in Frameworks */,
				08C529F22FAD4E0400807FE3 /* PulseProxy in Frameworks */,
				AABB000000000000000000A2 /* ModelKitMLX in Frameworks */,
				08C529F02FAD4E0400807FE3 /* Pulse in Frameworks */,
				AABB000000000000000000A3 /* ModelKitWhisper in Frameworks */,
				08C52F652FAD6FEB00807FE3 /* Peerly in Frameworks */,
			);
			runOnlyForDeploymentPostprocessing = 0;
		};
/* End PBXFrameworksBuildPhase section */

/* Begin PBXGroup section */
		085EE2452FAD2FE40044870B = {
			isa = PBXGroup;
			children = (
				085EE2502FAD2FE40044870B /* DriftV2 */,
				085EE24F2FAD2FE40044870B /* Products */,
			);
			sourceTree = "<group>";
		};
		085EE24F2FAD2FE40044870B /* Products */ = {
			isa = PBXGroup;
			children = (
				085EE24E2FAD2FE40044870B /* DriftV2.app */,
			);
			name = Products;
			sourceTree = "<group>";
		};
/* End PBXGroup section */

/* Begin PBXNativeTarget section */
		085EE24D2FAD2FE40044870B /* DriftV2 */ = {
			isa = PBXNativeTarget;
			buildConfigurationList = 085EE2592FAD2FE50044870B /* Build configuration list for PBXNativeTarget "DriftV2" */;
			buildPhases = (
				085EE24A2FAD2FE40044870B /* Sources */,
				085EE24B2FAD2FE40044870B /* Frameworks */,
				085EE24C2FAD2FE40044870B /* Resources */,
			);
			buildRules = (
			);
			dependencies = (
			);
			fileSystemSynchronizedGroups = (
				085EE2502FAD2FE40044870B /* DriftV2 */,
			);
			name = DriftV2;
			packageProductDependencies = (
				AABB000000000000000000B1 /* ModelKit */,
				AABB000000000000000000B2 /* ModelKitMLX */,
				AABB000000000000000000B3 /* ModelKitWhisper */,
				08C529EF2FAD4E0400807FE3 /* Pulse */,
				08C529F12FAD4E0400807FE3 /* PulseProxy */,
				08C529F32FAD4E0400807FE3 /* PulseUI */,
				08C52F642FAD6FEB00807FE3 /* Peerly */,
			);
			productName = DriftV2;
			productReference = 085EE24E2FAD2FE40044870B /* DriftV2.app */;
			productType = "com.apple.product-type.application";
		};
/* End PBXNativeTarget section */

/* Begin PBXProject section */
		085EE2462FAD2FE40044870B /* Project object */ = {
			isa = PBXProject;
			attributes = {
				BuildIndependentTargetsInParallel = 1;
				LastSwiftUpdateCheck = 2600;
				LastUpgradeCheck = 2600;
				TargetAttributes = {
					085EE24D2FAD2FE40044870B = {
						CreatedOnToolsVersion = 26.0.1;
					};
				};
			};
			buildConfigurationList = 085EE2492FAD2FE40044870B /* Build configuration list for PBXProject "DriftV2" */;
			developmentRegion = en;
			hasScannedForEncodings = 0;
			knownRegions = (
				en,
				Base,
			);
			mainGroup = 085EE2452FAD2FE40044870B;
			minimizedProjectReferenceProxies = 1;
			packageReferences = (
				AABB000000000000000000C1 /* XCLocalSwiftPackageReference "../../ModelKit/ModelKit" */,
				08C529EE2FAD4E0400807FE3 /* XCRemoteSwiftPackageReference "Pulse" */,
				08C52F632FAD6FEB00807FE3 /* XCLocalSwiftPackageReference "../../Gemma4Networking/Peerly" */,
			);
			preferredProjectObjectVersion = 77;
			productRefGroup = 085EE24F2FAD2FE40044870B /* Products */;
			projectDirPath = "";
			projectRoot = "";
			targets = (
				085EE24D2FAD2FE40044870B /* DriftV2 */,
			);
		};
/* End PBXProject section */

/* Begin PBXResourcesBuildPhase section */
		085EE24C2FAD2FE40044870B /* Resources */ = {
			isa = PBXResourcesBuildPhase;
			buildActionMask = 2147483647;
			files = (
			);
			runOnlyForDeploymentPostprocessing = 0;
		};
/* End PBXResourcesBuildPhase section */

/* Begin PBXSourcesBuildPhase section */
		085EE24A2FAD2FE40044870B /* Sources */ = {
			isa = PBXSourcesBuildPhase;
			buildActionMask = 2147483647;
			files = (
			);
			runOnlyForDeploymentPostprocessing = 0;
		};
/* End PBXSourcesBuildPhase section */

/* Begin XCBuildConfiguration section */
		085EE2572FAD2FE50044870B /* Debug */ = {
			isa = XCBuildConfiguration;
			buildSettings = {
				ALWAYS_SEARCH_USER_PATHS = NO;
				ASSETCATALOG_COMPILER_GENERATE_SWIFT_ASSET_SYMBOL_EXTENSIONS = YES;
				CLANG_ANALYZER_NONNULL = YES;
				CLANG_ANALYZER_NUMBER_OBJECT_CONVERSION = YES_AGGRESSIVE;
				CLANG_CXX_LANGUAGE_STANDARD = "gnu++20";
				CLANG_ENABLE_MODULES = YES;
				CLANG_ENABLE_OBJC_ARC = YES;
				CLANG_ENABLE_OBJC_WEAK = YES;
				CLANG_WARN_BLOCK_CAPTURE_AUTORELEASING = YES;
				CLANG_WARN_BOOL_CONVERSION = YES;
				CLANG_WARN_COMMA = YES;
				CLANG_WARN_CONSTANT_CONVERSION = YES;
				CLANG_WARN_DEPRECATED_OBJC_IMPLEMENTATIONS = YES;
				CLANG_WARN_DIRECT_OBJC_ISA_USAGE = YES_ERROR;
				CLANG_WARN_DOCUMENTATION_COMMENTS = YES;
				CLANG_WARN_EMPTY_BODY = YES;
				CLANG_WARN_ENUM_CONVERSION = YES;
				CLANG_WARN_INFINITE_RECURSION = YES;
				CLANG_WARN_INT_CONVERSION = YES;
				CLANG_WARN_NON_LITERAL_NULL_CONVERSION = YES;
				CLANG_WARN_OBJC_IMPLICIT_RETAIN_SELF = YES;
				CLANG_WARN_OBJC_LITERAL_CONVERSION = YES;
				CLANG_WARN_OBJC_ROOT_CLASS = YES_ERROR;
				CLANG_WARN_QUOTED_INCLUDE_IN_FRAMEWORK_HEADER = YES;
				CLANG_WARN_RANGE_LOOP_ANALYSIS = YES;
				CLANG_WARN_STRICT_PROTOTYPES = YES;
				CLANG_WARN_SUSPICIOUS_MOVE = YES;
				CLANG_WARN_UNGUARDED_AVAILABILITY = YES_AGGRESSIVE;
				CLANG_WARN_UNREACHABLE_CODE = YES;
				CLANG_WARN__DUPLICATE_METHOD_MATCH = YES;
				COPY_PHASE_STRIP = NO;
				DEBUG_INFORMATION_FORMAT = dwarf;
				DEVELOPMENT_TEAM = V2FT48C373;
				ENABLE_STRICT_OBJC_MSGSEND = YES;
				ENABLE_TESTABILITY = YES;
				ENABLE_USER_SCRIPT_SANDBOXING = YES;
				GCC_C_LANGUAGE_STANDARD = gnu17;
				GCC_DYNAMIC_NO_PIC = NO;
				GCC_NO_COMMON_BLOCKS = YES;
				GCC_OPTIMIZATION_LEVEL = 0;
				GCC_PREPROCESSOR_DEFINITIONS = (
					"DEBUG=1",
					"$(inherited)",
				);
				GCC_WARN_64_TO_32_BIT_CONVERSION = YES;
				GCC_WARN_ABOUT_RETURN_TYPE = YES_ERROR;
				GCC_WARN_UNDECLARED_SELECTOR = YES;
				GCC_WARN_UNINITIALIZED_AUTOS = YES_AGGRESSIVE;
				GCC_WARN_UNUSED_FUNCTION = YES;
				GCC_WARN_UNUSED_VARIABLE = YES;
				LOCALIZATION_PREFERS_STRING_CATALOGS = YES;
				MTL_ENABLE_DEBUG_INFO = INCLUDE_SOURCE;
				MTL_FAST_MATH = YES;
				ONLY_ACTIVE_ARCH = YES;
				SWIFT_ACTIVE_COMPILATION_CONDITIONS = "DEBUG $(inherited)";
				SWIFT_OPTIMIZATION_LEVEL = "-Onone";
			};
			name = Debug;
		};
		085EE2582FAD2FE50044870B /* Release */ = {
			isa = XCBuildConfiguration;
			buildSettings = {
				ALWAYS_SEARCH_USER_PATHS = NO;
				ASSETCATALOG_COMPILER_GENERATE_SWIFT_ASSET_SYMBOL_EXTENSIONS = YES;
				CLANG_ANALYZER_NONNULL = YES;
				CLANG_ANALYZER_NUMBER_OBJECT_CONVERSION = YES_AGGRESSIVE;
				CLANG_CXX_LANGUAGE_STANDARD = "gnu++20";
				CLANG_ENABLE_MODULES = YES;
				CLANG_ENABLE_OBJC_ARC = YES;
				CLANG_ENABLE_OBJC_WEAK = YES;
				CLANG_WARN_BLOCK_CAPTURE_AUTORELEASING = YES;
				CLANG_WARN_BOOL_CONVERSION = YES;
				CLANG_WARN_COMMA = YES;
				CLANG_WARN_CONSTANT_CONVERSION = YES;
				CLANG_WARN_DEPRECATED_OBJC_IMPLEMENTATIONS = YES;
				CLANG_WARN_DIRECT_OBJC_ISA_USAGE = YES_ERROR;
				CLANG_WARN_DOCUMENTATION_COMMENTS = YES;
				CLANG_WARN_EMPTY_BODY = YES;
				CLANG_WARN_ENUM_CONVERSION = YES;
				CLANG_WARN_INFINITE_RECURSION = YES;
				CLANG_WARN_INT_CONVERSION = YES;
				CLANG_WARN_NON_LITERAL_NULL_CONVERSION = YES;
				CLANG_WARN_OBJC_IMPLICIT_RETAIN_SELF = YES;
				CLANG_WARN_OBJC_LITERAL_CONVERSION = YES;
				CLANG_WARN_OBJC_ROOT_CLASS = YES_ERROR;
				CLANG_WARN_QUOTED_INCLUDE_IN_FRAMEWORK_HEADER = YES;
				CLANG_WARN_RANGE_LOOP_ANALYSIS = YES;
				CLANG_WARN_STRICT_PROTOTYPES = YES;
				CLANG_WARN_SUSPICIOUS_MOVE = YES;
				CLANG_WARN_UNGUARDED_AVAILABILITY = YES_AGGRESSIVE;
				CLANG_WARN_UNREACHABLE_CODE = YES;
				CLANG_WARN__DUPLICATE_METHOD_MATCH = YES;
				COPY_PHASE_STRIP = NO;
				DEBUG_INFORMATION_FORMAT = "dwarf-with-dsym";
				DEVELOPMENT_TEAM = V2FT48C373;
				ENABLE_NS_ASSERTIONS = NO;
				ENABLE_STRICT_OBJC_MSGSEND = YES;
				ENABLE_USER_SCRIPT_SANDBOXING = YES;
				GCC_C_LANGUAGE_STANDARD = gnu17;
				GCC_NO_COMMON_BLOCKS = YES;
				GCC_WARN_64_TO_32_BIT_CONVERSION = YES;
				GCC_WARN_ABOUT_RETURN_TYPE = YES_ERROR;
				GCC_WARN_UNDECLARED_SELECTOR = YES;
				GCC_WARN_UNINITIALIZED_AUTOS = YES_AGGRESSIVE;
				GCC_WARN_UNUSED_FUNCTION = YES;
				GCC_WARN_UNUSED_VARIABLE = YES;
				LOCALIZATION_PREFERS_STRING_CATALOGS = YES;
				MTL_ENABLE_DEBUG_INFO = NO;
				MTL_FAST_MATH = YES;
				SWIFT_COMPILATION_MODE = wholemodule;
			};
			name = Release;
		};
		085EE25A2FAD2FE50044870B /* Debug */ = {
			isa = XCBuildConfiguration;
			buildSettings = {
				ASSETCATALOG_COMPILER_APPICON_NAME = AppIcon;
				ASSETCATALOG_COMPILER_GLOBAL_ACCENT_COLOR_NAME = AccentColor;
				CODE_SIGN_ENTITLEMENTS = DriftV2/DriftV2.entitlements;
				CODE_SIGN_STYLE = Automatic;
				CURRENT_PROJECT_VERSION = 1;
				DEVELOPMENT_TEAM = V2FT48C373;
				ENABLE_APP_SANDBOX = YES;
				ENABLE_HARDENED_RUNTIME = YES;
				ENABLE_PREVIEWS = YES;
				ENABLE_USER_SELECTED_FILES = readonly;
				GENERATE_INFOPLIST_FILE = NO;
				INFOPLIST_FILE = DriftV2/Info.plist;
				IPHONEOS_DEPLOYMENT_TARGET = 26.0;
				LD_RUNPATH_SEARCH_PATHS = "@executable_path/Frameworks";
				"LD_RUNPATH_SEARCH_PATHS[sdk=macosx*]" = "@executable_path/../Frameworks";
				MACOSX_DEPLOYMENT_TARGET = 26.0;
				MARKETING_VERSION = 1.0;
				PRODUCT_BUNDLE_IDENTIFIER = angelzzz23.DriftV2;
				PRODUCT_NAME = "$(TARGET_NAME)";
				REGISTER_APP_GROUPS = YES;
				SDKROOT = auto;
				STRING_CATALOG_GENERATE_SYMBOLS = YES;
				SUPPORTED_PLATFORMS = "iphoneos iphonesimulator macosx xros xrsimulator";
				SWIFT_APPROACHABLE_CONCURRENCY = YES;
				SWIFT_DEFAULT_ACTOR_ISOLATION = MainActor;
				SWIFT_EMIT_LOC_STRINGS = YES;
				SWIFT_UPCOMING_FEATURE_MEMBER_IMPORT_VISIBILITY = YES;
				SWIFT_VERSION = 5.0;
				TARGETED_DEVICE_FAMILY = "1,2,7";
				XROS_DEPLOYMENT_TARGET = 26.0;
			};
			name = Debug;
		};
		085EE25B2FAD2FE50044870B /* Release */ = {
			isa = XCBuildConfiguration;
			buildSettings = {
				ASSETCATALOG_COMPILER_APPICON_NAME = AppIcon;
				ASSETCATALOG_COMPILER_GLOBAL_ACCENT_COLOR_NAME = AccentColor;
				CODE_SIGN_ENTITLEMENTS = DriftV2/DriftV2.entitlements;
				CODE_SIGN_STYLE = Automatic;
				CURRENT_PROJECT_VERSION = 1;
				DEVELOPMENT_TEAM = V2FT48C373;
				ENABLE_APP_SANDBOX = YES;
				ENABLE_HARDENED_RUNTIME = YES;
				ENABLE_PREVIEWS = YES;
				ENABLE_USER_SELECTED_FILES = readonly;
				GENERATE_INFOPLIST_FILE = NO;
				INFOPLIST_FILE = DriftV2/Info.plist;
				IPHONEOS_DEPLOYMENT_TARGET = 26.0;
				LD_RUNPATH_SEARCH_PATHS = "@executable_path/Frameworks";
				"LD_RUNPATH_SEARCH_PATHS[sdk=macosx*]" = "@executable_path/../Frameworks";
				MACOSX_DEPLOYMENT_TARGET = 26.0;
				MARKETING_VERSION = 1.0;
				PRODUCT_BUNDLE_IDENTIFIER = angelzzz23.DriftV2;
				PRODUCT_NAME = "$(TARGET_NAME)";
				REGISTER_APP_GROUPS = YES;
				SDKROOT = auto;
				STRING_CATALOG_GENERATE_SYMBOLS = YES;
				SUPPORTED_PLATFORMS = "iphoneos iphonesimulator macosx xros xrsimulator";
				SWIFT_APPROACHABLE_CONCURRENCY = YES;
				SWIFT_DEFAULT_ACTOR_ISOLATION = MainActor;
				SWIFT_EMIT_LOC_STRINGS = YES;
				SWIFT_UPCOMING_FEATURE_MEMBER_IMPORT_VISIBILITY = YES;
				SWIFT_VERSION = 5.0;
				TARGETED_DEVICE_FAMILY = "1,2,7";
				XROS_DEPLOYMENT_TARGET = 26.0;
			};
			name = Release;
		};
/* End XCBuildConfiguration section */

/* Begin XCConfigurationList section */
		085EE2492FAD2FE40044870B /* Build configuration list for PBXProject "DriftV2" */ = {
			isa = XCConfigurationList;
			buildConfigurations = (
				085EE2572FAD2FE50044870B /* Debug */,
				085EE2582FAD2FE50044870B /* Release */,
			);
			defaultConfigurationIsVisible = 0;
			defaultConfigurationName = Release;
		};
		085EE2592FAD2FE50044870B /* Build configuration list for PBXNativeTarget "DriftV2" */ = {
			isa = XCConfigurationList;
			buildConfigurations = (
				085EE25A2FAD2FE50044870B /* Debug */,
				085EE25B2FAD2FE50044870B /* Release */,
			);
			defaultConfigurationIsVisible = 0;
			defaultConfigurationName = Release;
		};
/* End XCConfigurationList section */

/* Begin XCLocalSwiftPackageReference section */
		08C52F632FAD6FEB00807FE3 /* XCLocalSwiftPackageReference "../../Gemma4Networking/Peerly" */ = {
			isa = XCLocalSwiftPackageReference;
			relativePath = ../../Gemma4Networking/Peerly;
		};
		AABB000000000000000000C1 /* XCLocalSwiftPackageReference "../../ModelKit/ModelKit" */ = {
			isa = XCLocalSwiftPackageReference;
			relativePath = ../../ModelKit/ModelKit;
		};
/* End XCLocalSwiftPackageReference section */

/* Begin XCRemoteSwiftPackageReference section */
		08C529EE2FAD4E0400807FE3 /* XCRemoteSwiftPackageReference "Pulse" */ = {
			isa = XCRemoteSwiftPackageReference;
			repositoryURL = "https://github.com/kean/Pulse";
			requirement = {
				kind = upToNextMajorVersion;
				minimumVersion = 5.2.1;
			};
		};
/* End XCRemoteSwiftPackageReference section */

/* Begin XCSwiftPackageProductDependency section */
		08C529EF2FAD4E0400807FE3 /* Pulse */ = {
			isa = XCSwiftPackageProductDependency;
			package = 08C529EE2FAD4E0400807FE3 /* XCRemoteSwiftPackageReference "Pulse" */;
			productName = Pulse;
		};
		08C529F12FAD4E0400807FE3 /* PulseProxy */ = {
			isa = XCSwiftPackageProductDependency;
			package = 08C529EE2FAD4E0400807FE3 /* XCRemoteSwiftPackageReference "Pulse" */;
			productName = PulseProxy;
		};
		08C529F32FAD4E0400807FE3 /* PulseUI */ = {
			isa = XCSwiftPackageProductDependency;
			package = 08C529EE2FAD4E0400807FE3 /* XCRemoteSwiftPackageReference "Pulse" */;
			productName = PulseUI;
		};
		08C52F642FAD6FEB00807FE3 /* Peerly */ = {
			isa = XCSwiftPackageProductDependency;
			productName = Peerly;
		};
		AABB000000000000000000B1 /* ModelKit */ = {
			isa = XCSwiftPackageProductDependency;
			productName = ModelKit;
		};
		AABB000000000000000000B2 /* ModelKitMLX */ = {
			isa = XCSwiftPackageProductDependency;
			productName = ModelKitMLX;
		};
		AABB000000000000000000B3 /* ModelKitWhisper */ = {
			isa = XCSwiftPackageProductDependency;
			productName = ModelKitWhisper;
		};
/* End XCSwiftPackageProductDependency section */
	};
	rootObject = 085EE2462FAD2FE40044870B /* Project object */;
}
